// !$*UTF8*$!
{
	archiveVersion = 1;
	classes = {
	};
	objectVersion = 56;
	objects = {

/* Begin PBXBuildFile section */
		7F4B4F0A2A02DF9700DDC144 /* AppDelegate.swift in Sources */ = {isa = PBXBuildFile; fileRef = 7F4B4F092A02DF9700DDC144 /* AppDelegate.swift */; };
		7F4B4F0C2A02DF9700DDC144 /* SceneDelegate.swift in Sources */ = {isa = PBXBuildFile; fileRef = 7F4B4F0B2A02DF9700DDC144 /* SceneDelegate.swift */; };
		7F4B4F0E2A02DF9700DDC144 /* ViewController.swift in Sources */ = {isa = PBXBuildFile; fileRef = 7F4B4F0D2A02DF9700DDC144 /* ViewController.swift */; };
		7F4B4F112A02DF9700DDC144 /* Main.storyboard in Resources */ = {isa = PBXBuildFile; fileRef = 7F4B4F0F2A02DF9700DDC144 /* Main.storyboard */; };
		7F4B4F132A02DF9800DDC144 /* Assets.xcassets in Resources */ = {isa = PBXBuildFile; fileRef = 7F4B4F122A02DF9800DDC144 /* Assets.xcassets */; };
		7F4B4F162A02DF9800DDC144 /* LaunchScreen.storyboard in Resources */ = {isa = PBXBuildFile; fileRef = 7F4B4F142A02DF9800DDC144 /* LaunchScreen.storyboard */; };
		7F4B4F1E2A02E0AB00DDC144 /* GoogleService-Info.plist in Resources */ = {isa = PBXBuildFile; fileRef = 7F4B4F1D2A02E0AB00DDC144 /* GoogleService-Info.plist */; };
		7F5724102A058898004D569A /* UIColor+Extenstion.swift in Sources */ = {isa = PBXBuildFile; fileRef = 7F57240F2A058898004D569A /* UIColor+Extenstion.swift */; };
		7F5724372A058E8E004D569A /* FirebaseAnalytics in Frameworks */ = {isa = PBXBuildFile; productRef = 7F5724362A058E8E004D569A /* FirebaseAnalytics */; };
		7F5724392A058E8E004D569A /* FirebaseAnalyticsOnDeviceConversion in Frameworks */ = {isa = PBXBuildFile; productRef = 7F5724382A058E8E004D569A /* FirebaseAnalyticsOnDeviceConversion */; };
		7F57243B2A058E8E004D569A /* FirebaseAnalyticsSwift in Frameworks */ = {isa = PBXBuildFile; productRef = 7F57243A2A058E8E004D569A /* FirebaseAnalyticsSwift */; };
		7F57243D2A058E8E004D569A /* FirebaseAnalyticsWithoutAdIdSupport in Frameworks */ = {isa = PBXBuildFile; productRef = 7F57243C2A058E8E004D569A /* FirebaseAnalyticsWithoutAdIdSupport */; };
		7F57243F2A058E8E004D569A /* FirebaseAppCheck in Frameworks */ = {isa = PBXBuildFile; productRef = 7F57243E2A058E8E004D569A /* FirebaseAppCheck */; };
		7F5724412A058E8E004D569A /* FirebaseAppDistribution-Beta in Frameworks */ = {isa = PBXBuildFile; productRef = 7F5724402A058E8E004D569A /* FirebaseAppDistribution-Beta */; };
		7F5724432A058E8E004D569A /* FirebaseAuth in Frameworks */ = {isa = PBXBuildFile; productRef = 7F5724422A058E8E004D569A /* FirebaseAuth */; };
		7F5724452A058E8E004D569A /* FirebaseAuthCombine-Community in Frameworks */ = {isa = PBXBuildFile; productRef = 7F5724442A058E8E004D569A /* FirebaseAuthCombine-Community */; };
		7F5724472A058E8E004D569A /* FirebaseCrashlytics in Frameworks */ = {isa = PBXBuildFile; productRef = 7F5724462A058E8E004D569A /* FirebaseCrashlytics */; };
		7F5724492A058E8E004D569A /* FirebaseDatabase in Frameworks */ = {isa = PBXBuildFile; productRef = 7F5724482A058E8E004D569A /* FirebaseDatabase */; };
		7F57244B2A058E8E004D569A /* FirebaseDatabaseSwift in Frameworks */ = {isa = PBXBuildFile; productRef = 7F57244A2A058E8E004D569A /* FirebaseDatabaseSwift */; };
		7F57244D2A058E8E004D569A /* FirebaseDynamicLinks in Frameworks */ = {isa = PBXBuildFile; productRef = 7F57244C2A058E8E004D569A /* FirebaseDynamicLinks */; };
		7F57244F2A058E8E004D569A /* FirebaseFirestore in Frameworks */ = {isa = PBXBuildFile; productRef = 7F57244E2A058E8E004D569A /* FirebaseFirestore */; };
		7F5724512A058E8E004D569A /* FirebaseFirestoreCombine-Community in Frameworks */ = {isa = PBXBuildFile; productRef = 7F5724502A058E8E004D569A /* FirebaseFirestoreCombine-Community */; };
		7F5724532A058E8E004D569A /* FirebaseFirestoreSwift in Frameworks */ = {isa = PBXBuildFile; productRef = 7F5724522A058E8E004D569A /* FirebaseFirestoreSwift */; };
		7F5724552A058E8E004D569A /* FirebaseFunctions in Frameworks */ = {isa = PBXBuildFile; productRef = 7F5724542A058E8E004D569A /* FirebaseFunctions */; };
		7F5724572A058E8E004D569A /* FirebaseFunctionsCombine-Community in Frameworks */ = {isa = PBXBuildFile; productRef = 7F5724562A058E8E004D569A /* FirebaseFunctionsCombine-Community */; };
		7F5724592A058E8E004D569A /* FirebaseInAppMessaging-Beta in Frameworks */ = {isa = PBXBuildFile; productRef = 7F5724582A058E8E004D569A /* FirebaseInAppMessaging-Beta */; };
		7F57245B2A058E8E004D569A /* FirebaseInAppMessagingSwift-Beta in Frameworks */ = {isa = PBXBuildFile; productRef = 7F57245A2A058E8E004D569A /* FirebaseInAppMessagingSwift-Beta */; };
		7F57245D2A058E8E004D569A /* FirebaseInstallations in Frameworks */ = {isa = PBXBuildFile; productRef = 7F57245C2A058E8E004D569A /* FirebaseInstallations */; };
		7F57245F2A058E8E004D569A /* FirebaseMLModelDownloader in Frameworks */ = {isa = PBXBuildFile; productRef = 7F57245E2A058E8E004D569A /* FirebaseMLModelDownloader */; };
		7F5724612A058E8E004D569A /* FirebaseMessaging in Frameworks */ = {isa = PBXBuildFile; productRef = 7F5724602A058E8E004D569A /* FirebaseMessaging */; };
		7F5724632A058E8E004D569A /* FirebasePerformance in Frameworks */ = {isa = PBXBuildFile; productRef = 7F5724622A058E8E004D569A /* FirebasePerformance */; };
		7F5724652A058E8E004D569A /* FirebaseRemoteConfig in Frameworks */ = {isa = PBXBuildFile; productRef = 7F5724642A058E8E004D569A /* FirebaseRemoteConfig */; };
		7F5724672A058E8E004D569A /* FirebaseRemoteConfigSwift in Frameworks */ = {isa = PBXBuildFile; productRef = 7F5724662A058E8E004D569A /* FirebaseRemoteConfigSwift */; };
		7F5724692A058E8E004D569A /* FirebaseStorage in Frameworks */ = {isa = PBXBuildFile; productRef = 7F5724682A058E8E004D569A /* FirebaseStorage */; };
		7F57246B2A058E8E004D569A /* FirebaseStorageCombine-Community in Frameworks */ = {isa = PBXBuildFile; productRef = 7F57246A2A058E8E004D569A /* FirebaseStorageCombine-Community */; };
		7FE0FCA32A041EC60077E7F1 /* APIManager.swift in Sources */ = {isa = PBXBuildFile; fileRef = 7FE0FCA22A041EC60077E7F1 /* APIManager.swift */; };
		7FE0FCA52A04204D0077E7F1 /* FirebaseModel.swift in Sources */ = {isa = PBXBuildFile; fileRef = 7FE0FCA42A04204D0077E7F1 /* FirebaseModel.swift */; };
/* End PBXBuildFile section */

/* Begin PBXFileReference section */
		7F4B4F062A02DF9700DDC144 /* second_simple_Firebase.app */ = {isa = PBXFileReference; explicitFileType = wrapper.application; includeInIndex = 0; path = second_simple_Firebase.app; sourceTree = BUILT_PRODUCTS_DIR; };
		7F4B4F092A02DF9700DDC144 /* AppDelegate.swift */ = {isa = PBXFileReference; lastKnownFileType = sourcecode.swift; path = AppDelegate.swift; sourceTree = "<group>"; };
		7F4B4F0B2A02DF9700DDC144 /* SceneDelegate.swift */ = {isa = PBXFileReference; lastKnownFileType = sourcecode.swift; path = SceneDelegate.swift; sourceTree = "<group>"; };
		7F4B4F0D2A02DF9700DDC144 /* ViewController.swift */ = {isa = PBXFileReference; lastKnownFileType = sourcecode.swift; path = ViewController.swift; sourceTree = "<group>"; };
		7F4B4F102A02DF9700DDC144 /* Base */ = {isa = PBXFileReference; lastKnownFileType = file.storyboard; name = Base; path = Base.lproj/Main.storyboard; sourceTree = "<group>"; };
		7F4B4F122A02DF9800DDC144 /* Assets.xcassets */ = {isa = PBXFileReference; lastKnownFileType = folder.assetcatalog; path = Assets.xcassets; sourceTree = "<group>"; };
		7F4B4F152A02DF9800DDC144 /* Base */ = {isa = PBXFileReference; lastKnownFileType = file.storyboard; name = Base; path = Base.lproj/LaunchScreen.storyboard; sourceTree = "<group>"; };
		7F4B4F172A02DF9800DDC144 /* Info.plist */ = {isa = PBXFileReference; lastKnownFileType = text.plist.xml; path = Info.plist; sourceTree = "<group>"; };
		7F4B4F1D2A02E0AB00DDC144 /* GoogleService-Info.plist */ = {isa = PBXFileReference; fileEncoding = 4; lastKnownFileType = text.plist.xml; path = "GoogleService-Info.plist"; sourceTree = "<group>"; };
		7F57240F2A058898004D569A /* UIColor+Extenstion.swift */ = {isa = PBXFileReference; lastKnownFileType = sourcecode.swift; path = "UIColor+Extenstion.swift"; sourceTree = "<group>"; };
		7FE0FCA22A041EC60077E7F1 /* APIManager.swift */ = {isa = PBXFileReference; lastKnownFileType = sourcecode.swift; path = APIManager.swift; sourceTree = "<group>"; };
		7FE0FCA42A04204D0077E7F1 /* FirebaseModel.swift */ = {isa = PBXFileReference; lastKnownFileType = sourcecode.swift; path = FirebaseModel.swift; sourceTree = "<group>"; };
/* End PBXFileReference section */

/* Begin PBXFrameworksBuildPhase section */
		7F4B4F032A02DF9700DDC144 /* Frameworks */ = {
			isa = PBXFrameworksBuildPhase;
			buildActionMask = 2147483647;
			files = (
				7F5724492A058E8E004D569A /* FirebaseDatabase in Frameworks */,
				7F5724572A058E8E004D569A /* FirebaseFunctionsCombine-Community in Frameworks */,
				7F57244F2A058E8E004D569A /* FirebaseFirestore in Frameworks */,
				7F57243B2A058E8E004D569A /* FirebaseAnalyticsSwift in Frameworks */,
				7F5724372A058E8E004D569A /* FirebaseAnalytics in Frameworks */,
				7F5724392A058E8E004D569A /* FirebaseAnalyticsOnDeviceConversion in Frameworks */,
				7F57245F2A058E8E004D569A /* FirebaseMLModelDownloader in Frameworks */,
				7F5724532A058E8E004D569A /* FirebaseFirestoreSwift in Frameworks */,
				7F57243F2A058E8E004D569A /* FirebaseAppCheck in Frameworks */,
				7F57243D2A058E8E004D569A /* FirebaseAnalyticsWithoutAdIdSupport in Frameworks */,
				7F5724432A058E8E004D569A /* FirebaseAuth in Frameworks */,
				7F5724472A058E8E004D569A /* FirebaseCrashlytics in Frameworks */,
				7F5724672A058E8E004D569A /* FirebaseRemoteConfigSwift in Frameworks */,
				7F5724592A058E8E004D569A /* FirebaseInAppMessaging-Beta in Frameworks */,
				7F57244B2A058E8E004D569A /* FirebaseDatabaseSwift in Frameworks */,
				7F5724552A058E8E004D569A /* FirebaseFunctions in Frameworks */,
				7F57246B2A058E8E004D569A /* FirebaseStorageCombine-Community in Frameworks */,
				7F5724652A058E8E004D569A /* FirebaseRemoteConfig in Frameworks */,
				7F5724412A058E8E004D569A /* FirebaseAppDistribution-Beta in Frameworks */,
				7F5724452A058E8E004D569A /* FirebaseAuthCombine-Community in Frameworks */,
				7F5724632A058E8E004D569A /* FirebasePerformance in Frameworks */,
				7F57245B2A058E8E004D569A /* FirebaseInAppMessagingSwift-Beta in Frameworks */,
				7F5724692A058E8E004D569A /* FirebaseStorage in Frameworks */,
				7F57244D2A058E8E004D569A /* FirebaseDynamicLinks in Frameworks */,
				7F5724512A058E8E004D569A /* FirebaseFirestoreCombine-Community in Frameworks */,
				7F5724612A058E8E004D569A /* FirebaseMessaging in Frameworks */,
				7F57245D2A058E8E004D569A /* FirebaseInstallations in Frameworks */,
			);
			runOnlyForDeploymentPostprocessing = 0;
		};
/* End PBXFrameworksBuildPhase section */

/* Begin PBXGroup section */
		7F4B4EFD2A02DF9700DDC144 = {
			isa = PBXGroup;
			children = (
				7F4B4F082A02DF9700DDC144 /* second_simple_Firebase */,
				7F4B4F072A02DF9700DDC144 /* Products */,
			);
			sourceTree = "<group>";
		};
		7F4B4F072A02DF9700DDC144 /* Products */ = {
			isa = PBXGroup;
			children = (
				7F4B4F062A02DF9700DDC144 /* second_simple_Firebase.app */,
			);
			name = Products;
			sourceTree = "<group>";
		};
		7F4B4F082A02DF9700DDC144 /* second_simple_Firebase */ = {
			isa = PBXGroup;
			children = (
				7F57240E2A05887C004D569A /* Extension */,
				7F57240D2A0585D5004D569A /* Application */,
				7F57240B2A0585B3004D569A /* Manager */,
				7F57240A2A0585AB004D569A /* Model */,
				7F57240C2A0585BF004D569A /* Screens */,
			);
			path = second_simple_Firebase;
			sourceTree = "<group>";
		};
		7F57240A2A0585AB004D569A /* Model */ = {
			isa = PBXGroup;
			children = (
				7F4B4F0B2A02DF9700DDC144 /* SceneDelegate.swift */,
				7FE0FCA42A04204D0077E7F1 /* FirebaseModel.swift */,
			);
			path = Model;
			sourceTree = "<group>";
		};
		7F57240B2A0585B3004D569A /* Manager */ = {
			isa = PBXGroup;
			children = (
				7FE0FCA22A041EC60077E7F1 /* APIManager.swift */,
			);
			path = Manager;
			sourceTree = "<group>";
		};
		7F57240C2A0585BF004D569A /* Screens */ = {
			isa = PBXGroup;
			children = (
				7F4B4F0D2A02DF9700DDC144 /* ViewController.swift */,
				7F4B4F0F2A02DF9700DDC144 /* Main.storyboard */,
			);
			path = Screens;
			sourceTree = "<group>";
		};
		7F57240D2A0585D5004D569A /* Application */ = {
			isa = PBXGroup;
			children = (
				7F4B4F092A02DF9700DDC144 /* AppDelegate.swift */,
				7F4B4F122A02DF9800DDC144 /* Assets.xcassets */,
				7F4B4F142A02DF9800DDC144 /* LaunchScreen.storyboard */,
				7F4B4F172A02DF9800DDC144 /* Info.plist */,
				7F4B4F1D2A02E0AB00DDC144 /* GoogleService-Info.plist */,
			);
			path = Application;
			sourceTree = "<group>";
		};
		7F57240E2A05887C004D569A /* Extension */ = {
			isa = PBXGroup;
			children = (
				7F57240F2A058898004D569A /* UIColor+Extenstion.swift */,
			);
			path = Extension;
			sourceTree = "<group>";
		};
/* End PBXGroup section */

/* Begin PBXNativeTarget section */
		7F4B4F052A02DF9700DDC144 /* second_simple_Firebase */ = {
			isa = PBXNativeTarget;
			buildConfigurationList = 7F4B4F1A2A02DF9800DDC144 /* Build configuration list for PBXNativeTarget "second_simple_Firebase" */;
			buildPhases = (
				7F4B4F022A02DF9700DDC144 /* Sources */,
				7F4B4F032A02DF9700DDC144 /* Frameworks */,
				7F4B4F042A02DF9700DDC144 /* Resources */,
			);
			buildRules = (
			);
			dependencies = (
			);
			name = second_simple_Firebase;
			packageProductDependencies = (
				7F5724362A058E8E004D569A /* FirebaseAnalytics */,
				7F5724382A058E8E004D569A /* FirebaseAnalyticsOnDeviceConversion */,
				7F57243A2A058E8E004D569A /* FirebaseAnalyticsSwift */,
				7F57243C2A058E8E004D569A /* FirebaseAnalyticsWithoutAdIdSupport */,
				7F57243E2A058E8E004D569A /* FirebaseAppCheck */,
				7F5724402A058E8E004D569A /* FirebaseAppDistribution-Beta */,
				7F5724422A058E8E004D569A /* FirebaseAuth */,
				7F5724442A058E8E004D569A /* FirebaseAuthCombine-Community */,
				7F5724462A058E8E004D569A /* FirebaseCrashlytics */,
				7F5724482A058E8E004D569A /* FirebaseDatabase */,
				7F57244A2A058E8E004D569A /* FirebaseDatabaseSwift */,
				7F57244C2A058E8E004D569A /* FirebaseDynamicLinks */,
				7F57244E2A058E8E004D569A /* FirebaseFirestore */,
				7F5724502A058E8E004D569A /* FirebaseFirestoreCombine-Community */,
				7F5724522A058E8E004D569A /* FirebaseFirestoreSwift */,
				7F5724542A058E8E004D569A /* FirebaseFunctions */,
				7F5724562A058E8E004D569A /* FirebaseFunctionsCombine-Community */,
				7F5724582A058E8E004D569A /* FirebaseInAppMessaging-Beta */,
				7F57245A2A058E8E004D569A /* FirebaseInAppMessagingSwift-Beta */,
				7F57245C2A058E8E004D569A /* FirebaseInstallations */,
				7F57245E2A058E8E004D569A /* FirebaseMLModelDownloader */,
				7F5724602A058E8E004D569A /* FirebaseMessaging */,
				7F5724622A058E8E004D569A /* FirebasePerformance */,
				7F5724642A058E8E004D569A /* FirebaseRemoteConfig */,
				7F5724662A058E8E004D569A /* FirebaseRemoteConfigSwift */,
				7F5724682A058E8E004D569A /* FirebaseStorage */,
				7F57246A2A058E8E004D569A /* FirebaseStorageCombine-Community */,
			);
			productName = second_simple_Firebase;
			productReference = 7F4B4F062A02DF9700DDC144 /* second_simple_Firebase.app */;
			productType = "com.apple.product-type.application";
		};
/* End PBXNativeTarget section */

/* Begin PBXProject section */
		7F4B4EFE2A02DF9700DDC144 /* Project object */ = {
			isa = PBXProject;
			attributes = {
				BuildIndependentTargetsInParallel = 1;
				LastSwiftUpdateCheck = 1430;
				LastUpgradeCheck = 1430;
				TargetAttributes = {
					7F4B4F052A02DF9700DDC144 = {
						CreatedOnToolsVersion = 14.3;
					};
				};
			};
			buildConfigurationList = 7F4B4F012A02DF9700DDC144 /* Build configuration list for PBXProject "second_simple_Firebase" */;
			compatibilityVersion = "Xcode 14.0";
			developmentRegion = en;
			hasScannedForEncodings = 0;
			knownRegions = (
				en,
				Base,
			);
			mainGroup = 7F4B4EFD2A02DF9700DDC144;
			packageReferences = (
				7F5724352A058E8E004D569A /* XCRemoteSwiftPackageReference "firebase-ios-sdk" */,
			);
			productRefGroup = 7F4B4F072A02DF9700DDC144 /* Products */;
			projectDirPath = "";
			projectRoot = "";
			targets = (
				7F4B4F052A02DF9700DDC144 /* second_simple_Firebase */,
			);
		};
/* End PBXProject section */

/* Begin PBXResourcesBuildPhase section */
		7F4B4F042A02DF9700DDC144 /* Resources */ = {
			isa = PBXResourcesBuildPhase;
			buildActionMask = 2147483647;
			files = (
				7F4B4F162A02DF9800DDC144 /* LaunchScreen.storyboard in Resources */,
				7F4B4F1E2A02E0AB00DDC144 /* GoogleService-Info.plist in Resources */,
				7F4B4F132A02DF9800DDC144 /* Assets.xcassets in Resources */,
				7F4B4F112A02DF9700DDC144 /* Main.storyboard in Resources */,
			);
			runOnlyForDeploymentPostprocessing = 0;
		};
/* End PBXResourcesBuildPhase section */

/* Begin PBXSourcesBuildPhase section */
		7F4B4F022A02DF9700DDC144 /* Sources */ = {
			isa = PBXSourcesBuildPhase;
			buildActionMask = 2147483647;
			files = (
				7FE0FCA32A041EC60077E7F1 /* APIManager.swift in Sources */,
				7F4B4F0E2A02DF9700DDC144 /* ViewController.swift in Sources */,
				7F4B4F0A2A02DF9700DDC144 /* AppDelegate.swift in Sources */,
				7F4B4F0C2A02DF9700DDC144 /* SceneDelegate.swift in Sources */,
				7F5724102A058898004D569A /* UIColor+Extenstion.swift in Sources */,
				7FE0FCA52A04204D0077E7F1 /* FirebaseModel.swift in Sources */,
			);
			runOnlyForDeploymentPostprocessing = 0;
		};
/* End PBXSourcesBuildPhase section */

/* Begin PBXVariantGroup section */
		7F4B4F0F2A02DF9700DDC144 /* Main.storyboard */ = {
			isa = PBXVariantGroup;
			children = (
				7F4B4F102A02DF9700DDC144 /* Base */,
			);
			name = Main.storyboard;
			sourceTree = "<group>";
		};
		7F4B4F142A02DF9800DDC144 /* LaunchScreen.storyboard */ = {
			isa = PBXVariantGroup;
			children = (
				7F4B4F152A02DF9800DDC144 /* Base */,
			);
			name = LaunchScreen.storyboard;
			sourceTree = "<group>";
		};
/* End PBXVariantGroup section */

/* Begin XCBuildConfiguration section */
		7F4B4F182A02DF9800DDC144 /* Debug */ = {
			isa = XCBuildConfiguration;
			buildSettings = {
				ALWAYS_SEARCH_USER_PATHS = NO;
				CLANG_ANALYZER_NONNULL = YES;
				CLANG_ANALYZER_NUMBER_OBJECT_CONVERSION = YES_AGGRESSIVE;
				CLANG_CXX_LANGUAGE_STANDARD = "gnu++20";
				CLANG_ENABLE_MODULES = YES;
				CLANG_ENABLE_OBJC_ARC = YES;
				CLANG_ENABLE_OBJC_WEAK = YES;
				CLANG_WARN_BLOCK_CAPTURE_AUTORELEASING = YES;
				CLANG_WARN_BOOL_CONVERSION = YES;
				CLANG_WARN_COMMA = YES;
				CLANG_WARN_CONSTANT_CONVERSION = YES;
				CLANG_WARN_DEPRECATED_OBJC_IMPLEMENTATIONS = YES;
				CLANG_WARN_DIRECT_OBJC_ISA_USAGE = YES_ERROR;
				CLANG_WARN_DOCUMENTATION_COMMENTS = YES;
				CLANG_WARN_EMPTY_BODY = YES;
				CLANG_WARN_ENUM_CONVERSION = YES;
				CLANG_WARN_INFINITE_RECURSION = YES;
				CLANG_WARN_INT_CONVERSION = YES;
				CLANG_WARN_NON_LITERAL_NULL_CONVERSION = YES;
				CLANG_WARN_OBJC_IMPLICIT_RETAIN_SELF = YES;
				CLANG_WARN_OBJC_LITERAL_CONVERSION = YES;
				CLANG_WARN_OBJC_ROOT_CLASS = YES_ERROR;
				CLANG_WARN_QUOTED_INCLUDE_IN_FRAMEWORK_HEADER = YES;
				CLANG_WARN_RANGE_LOOP_ANALYSIS = YES;
				CLANG_WARN_STRICT_PROTOTYPES = YES;
				CLANG_WARN_SUSPICIOUS_MOVE = YES;
				CLANG_WARN_UNGUARDED_AVAILABILITY = YES_AGGRESSIVE;
				CLANG_WARN_UNREACHABLE_CODE = YES;
				CLANG_WARN__DUPLICATE_METHOD_MATCH = YES;
				COPY_PHASE_STRIP = NO;
				DEBUG_INFORMATION_FORMAT = dwarf;
				ENABLE_STRICT_OBJC_MSGSEND = YES;
				ENABLE_TESTABILITY = YES;
				GCC_C_LANGUAGE_STANDARD = gnu11;
				GCC_DYNAMIC_NO_PIC = NO;
				GCC_NO_COMMON_BLOCKS = YES;
				GCC_OPTIMIZATION_LEVEL = 0;
				GCC_PREPROCESSOR_DEFINITIONS = (
					"DEBUG=1",
					"$(inherited)",
				);
				GCC_WARN_64_TO_32_BIT_CONVERSION = YES;
				GCC_WARN_ABOUT_RETURN_TYPE = YES_ERROR;
				GCC_WARN_UNDECLARED_SELECTOR = YES;
				GCC_WARN_UNINITIALIZED_AUTOS = YES_AGGRESSIVE;
				GCC_WARN_UNUSED_FUNCTION = YES;
				GCC_WARN_UNUSED_VARIABLE = YES;
				IPHONEOS_DEPLOYMENT_TARGET = 16.4;
				MTL_ENABLE_DEBUG_INFO = INCLUDE_SOURCE;
				MTL_FAST_MATH = YES;
				ONLY_ACTIVE_ARCH = YES;
				SDKROOT = iphoneos;
				SWIFT_ACTIVE_COMPILATION_CONDITIONS = DEBUG;
				SWIFT_OPTIMIZATION_LEVEL = "-Onone";
			};
			name = Debug;
		};
		7F4B4F192A02DF9800DDC144 /* Release */ = {
			isa = XCBuildConfiguration;
			buildSettings = {
				ALWAYS_SEARCH_USER_PATHS = NO;
				CLANG_ANALYZER_NONNULL = YES;
				CLANG_ANALYZER_NUMBER_OBJECT_CONVERSION = YES_AGGRESSIVE;
				CLANG_CXX_LANGUAGE_STANDARD = "gnu++20";
				CLANG_ENABLE_MODULES = YES;
				CLANG_ENABLE_OBJC_ARC = YES;
				CLANG_ENABLE_OBJC_WEAK = YES;
				CLANG_WARN_BLOCK_CAPTURE_AUTORELEASING = YES;
				CLANG_WARN_BOOL_CONVERSION = YES;
				CLANG_WARN_COMMA = YES;
				CLANG_WARN_CONSTANT_CONVERSION = YES;
				CLANG_WARN_DEPRECATED_OBJC_IMPLEMENTATIONS = YES;
				CLANG_WARN_DIRECT_OBJC_ISA_USAGE = YES_ERROR;
				CLANG_WARN_DOCUMENTATION_COMMENTS = YES;
				CLANG_WARN_EMPTY_BODY = YES;
				CLANG_WARN_ENUM_CONVERSION = YES;
				CLANG_WARN_INFINITE_RECURSION = YES;
				CLANG_WARN_INT_CONVERSION = YES;
				CLANG_WARN_NON_LITERAL_NULL_CONVERSION = YES;
				CLANG_WARN_OBJC_IMPLICIT_RETAIN_SELF = YES;
				CLANG_WARN_OBJC_LITERAL_CONVERSION = YES;
				CLANG_WARN_OBJC_ROOT_CLASS = YES_ERROR;
				CLANG_WARN_QUOTED_INCLUDE_IN_FRAMEWORK_HEADER = YES;
				CLANG_WARN_RANGE_LOOP_ANALYSIS = YES;
				CLANG_WARN_STRICT_PROTOTYPES = YES;
				CLANG_WARN_SUSPICIOUS_MOVE = YES;
				CLANG_WARN_UNGUARDED_AVAILABILITY = YES_AGGRESSIVE;
				CLANG_WARN_UNREACHABLE_CODE = YES;
				CLANG_WARN__DUPLICATE_METHOD_MATCH = YES;
				COPY_PHASE_STRIP = NO;
				DEBUG_INFORMATION_FORMAT = "dwarf-with-dsym";
				ENABLE_NS_ASSERTIONS = NO;
				ENABLE_STRICT_OBJC_MSGSEND = YES;
				GCC_C_LANGUAGE_STANDARD = gnu11;
				GCC_NO_COMMON_BLOCKS = YES;
				GCC_WARN_64_TO_32_BIT_CONVERSION = YES;
				GCC_WARN_ABOUT_RETURN_TYPE = YES_ERROR;
				GCC_WARN_UNDECLARED_SELECTOR = YES;
				GCC_WARN_UNINITIALIZED_AUTOS = YES_AGGRESSIVE;
				GCC_WARN_UNUSED_FUNCTION = YES;
				GCC_WARN_UNUSED_VARIABLE = YES;
				IPHONEOS_DEPLOYMENT_TARGET = 16.4;
				MTL_ENABLE_DEBUG_INFO = NO;
				MTL_FAST_MATH = YES;
				SDKROOT = iphoneos;
				SWIFT_COMPILATION_MODE = wholemodule;
				SWIFT_OPTIMIZATION_LEVEL = "-O";
				VALIDATE_PRODUCT = YES;
			};
			name = Release;
		};
		7F4B4F1B2A02DF9800DDC144 /* Debug */ = {
			isa = XCBuildConfiguration;
			buildSettings = {
				ASSETCATALOG_COMPILER_APPICON_NAME = AppIcon;
				ASSETCATALOG_COMPILER_GLOBAL_ACCENT_COLOR_NAME = AccentColor;
				CODE_SIGN_STYLE = Automatic;
				CURRENT_PROJECT_VERSION = 1;
				DEVELOPMENT_TEAM = CSS48FCS24;
				GENERATE_INFOPLIST_FILE = YES;
				INFOPLIST_FILE = second_simple_Firebase/Application/Info.plist;
				INFOPLIST_KEY_UIApplicationSupportsIndirectInputEvents = YES;
				INFOPLIST_KEY_UILaunchStoryboardName = LaunchScreen;
				INFOPLIST_KEY_UIMainStoryboardFile = Main;
				INFOPLIST_KEY_UISupportedInterfaceOrientations_iPad = "UIInterfaceOrientationPortrait UIInterfaceOrientationPortraitUpsideDown UIInterfaceOrientationLandscapeLeft UIInterfaceOrientationLandscapeRight";
				INFOPLIST_KEY_UISupportedInterfaceOrientations_iPhone = "UIInterfaceOrientationPortrait UIInterfaceOrientationLandscapeLeft UIInterfaceOrientationLandscapeRight";
				LD_RUNPATH_SEARCH_PATHS = (
					"$(inherited)",
					"@executable_path/Frameworks",
				);
				MARKETING_VERSION = 1.0;
				PRODUCT_BUNDLE_IDENTIFIER = "git.second-simple-Firebase";
				PRODUCT_NAME = "$(TARGET_NAME)";
				SWIFT_EMIT_LOC_STRINGS = YES;
				SWIFT_VERSION = 5.0;
				TARGETED_DEVICE_FAMILY = "1,2";
			};
			name = Debug;
		};
		7F4B4F1C2A02DF9800DDC144 /* Release */ = {
			isa = XCBuildConfiguration;
			buildSettings = {
				ASSETCATALOG_COMPILER_APPICON_NAME = AppIcon;
				ASSETCATALOG_COMPILER_GLOBAL_ACCENT_COLOR_NAME = AccentColor;
				CODE_SIGN_STYLE = Automatic;
				CURRENT_PROJECT_VERSION = 1;
				DEVELOPMENT_TEAM = CSS48FCS24;
				GENERATE_INFOPLIST_FILE = YES;
				INFOPLIST_FILE = second_simple_Firebase/Application/Info.plist;
				INFOPLIST_KEY_UIApplicationSupportsIndirectInputEvents = YES;
				INFOPLIST_KEY_UILaunchStoryboardName = LaunchScreen;
				INFOPLIST_KEY_UIMainStoryboardFile = Main;
				INFOPLIST_KEY_UISupportedInterfaceOrientations_iPad = "UIInterfaceOrientationPortrait UIInterfaceOrientationPortraitUpsideDown UIInterfaceOrientationLandscapeLeft UIInterfaceOrientationLandscapeRight";
				INFOPLIST_KEY_UISupportedInterfaceOrientations_iPhone = "UIInterfaceOrientationPortrait UIInterfaceOrientationLandscapeLeft UIInterfaceOrientationLandscapeRight";
				LD_RUNPATH_SEARCH_PATHS = (
					"$(inherited)",
					"@executable_path/Frameworks",
				);
				MARKETING_VERSION = 1.0;
				PRODUCT_BUNDLE_IDENTIFIER = "git.second-simple-Firebase";
				PRODUCT_NAME = "$(TARGET_NAME)";
				SWIFT_EMIT_LOC_STRINGS = YES;
				SWIFT_VERSION = 5.0;
				TARGETED_DEVICE_FAMILY = "1,2";
			};
			name = Release;
		};
/* End XCBuildConfiguration section */

/* Begin XCConfigurationList section */
		7F4B4F012A02DF9700DDC144 /* Build configuration list for PBXProject "second_simple_Firebase" */ = {
			isa = XCConfigurationList;
			buildConfigurations = (
				7F4B4F182A02DF9800DDC144 /* Debug */,
				7F4B4F192A02DF9800DDC144 /* Release */,
			);
			defaultConfigurationIsVisible = 0;
			defaultConfigurationName = Release;
		};
		7F4B4F1A2A02DF9800DDC144 /* Build configuration list for PBXNativeTarget "second_simple_Firebase" */ = {
			isa = XCConfigurationList;
			buildConfigurations = (
				7F4B4F1B2A02DF9800DDC144 /* Debug */,
				7F4B4F1C2A02DF9800DDC144 /* Release */,
			);
			defaultConfigurationIsVisible = 0;
			defaultConfigurationName = Release;
		};
/* End XCConfigurationList section */

/* Begin XCRemoteSwiftPackageReference section */
		7F5724352A058E8E004D569A /* XCRemoteSwiftPackageReference "firebase-ios-sdk" */ = {
			isa = XCRemoteSwiftPackageReference;
			repositoryURL = "https://github.com/firebase/firebase-ios-sdk.git";
			requirement = {
				kind = upToNextMajorVersion;
				minimumVersion = 10.0.0;
			};
		};
/* End XCRemoteSwiftPackageReference section */

/* Begin XCSwiftPackageProductDependency section */
		7F5724362A058E8E004D569A /* FirebaseAnalytics */ = {
			isa = XCSwiftPackageProductDependency;
			package = 7F5724352A058E8E004D569A /* XCRemoteSwiftPackageReference "firebase-ios-sdk" */;
			productName = FirebaseAnalytics;
		};
		7F5724382A058E8E004D569A /* FirebaseAnalyticsOnDeviceConversion */ = {
			isa = XCSwiftPackageProductDependency;
			package = 7F5724352A058E8E004D569A /* XCRemoteSwiftPackageReference "firebase-ios-sdk" */;
			productName = FirebaseAnalyticsOnDeviceConversion;
		};
		7F57243A2A058E8E004D569A /* FirebaseAnalyticsSwift */ = {
			isa = XCSwiftPackageProductDependency;
			package = 7F5724352A058E8E004D569A /* XCRemoteSwiftPackageReference "firebase-ios-sdk" */;
			productName = FirebaseAnalyticsSwift;
		};
		7F57243C2A058E8E004D569A /* FirebaseAnalyticsWithoutAdIdSupport */ = {
			isa = XCSwiftPackageProductDependency;
			package = 7F5724352A058E8E004D569A /* XCRemoteSwiftPackageReference "firebase-ios-sdk" */;
			productName = FirebaseAnalyticsWithoutAdIdSupport;
		};
		7F57243E2A058E8E004D569A /* FirebaseAppCheck */ = {
			isa = XCSwiftPackageProductDependency;
			package = 7F5724352A058E8E004D569A /* XCRemoteSwiftPackageReference "firebase-ios-sdk" */;
			productName = FirebaseAppCheck;
		};
		7F5724402A058E8E004D569A /* FirebaseAppDistribution-Beta */ = {
			isa = XCSwiftPackageProductDependency;
			package = 7F5724352A058E8E004D569A /* XCRemoteSwiftPackageReference "firebase-ios-sdk" */;
			productName = "FirebaseAppDistribution-Beta";
		};
		7F5724422A058E8E004D569A /* FirebaseAuth */ = {
			isa = XCSwiftPackageProductDependency;
			package = 7F5724352A058E8E004D569A /* XCRemoteSwiftPackageReference "firebase-ios-sdk" */;
			productName = FirebaseAuth;
		};
		7F5724442A058E8E004D569A /* FirebaseAuthCombine-Community */ = {
			isa = XCSwiftPackageProductDependency;
			package = 7F5724352A058E8E004D569A /* XCRemoteSwiftPackageReference "firebase-ios-sdk" */;
			productName = "FirebaseAuthCombine-Community";
		};
		7F5724462A058E8E004D569A /* FirebaseCrashlytics */ = {
			isa = XCSwiftPackageProductDependency;
			package = 7F5724352A058E8E004D569A /* XCRemoteSwiftPackageReference "firebase-ios-sdk" */;
			productName = FirebaseCrashlytics;
		};
		7F5724482A058E8E004D569A /* FirebaseDatabase */ = {
			isa = XCSwiftPackageProductDependency;
			package = 7F5724352A058E8E004D569A /* XCRemoteSwiftPackageReference "firebase-ios-sdk" */;
			productName = FirebaseDatabase;
		};
		7F57244A2A058E8E004D569A /* FirebaseDatabaseSwift */ = {
			isa = XCSwiftPackageProductDependency;
			package = 7F5724352A058E8E004D569A /* XCRemoteSwiftPackageReference "firebase-ios-sdk" */;
			productName = FirebaseDatabaseSwift;
		};
		7F57244C2A058E8E004D569A /* FirebaseDynamicLinks */ = {
			isa = XCSwiftPackageProductDependency;
			package = 7F5724352A058E8E004D569A /* XCRemoteSwiftPackageReference "firebase-ios-sdk" */;
			productName = FirebaseDynamicLinks;
		};
		7F57244E2A058E8E004D569A /* FirebaseFirestore */ = {
			isa = XCSwiftPackageProductDependency;
			package = 7F5724352A058E8E004D569A /* XCRemoteSwiftPackageReference "firebase-ios-sdk" */;
			productName = FirebaseFirestore;
		};
		7F5724502A058E8E004D569A /* FirebaseFirestoreCombine-Community */ = {
			isa = XCSwiftPackageProductDependency;
			package = 7F5724352A058E8E004D569A /* XCRemoteSwiftPackageReference "firebase-ios-sdk" */;
			productName = "FirebaseFirestoreCombine-Community";
		};
		7F5724522A058E8E004D569A /* FirebaseFirestoreSwift */ = {
			isa = XCSwiftPackageProductDependency;
			package = 7F5724352A058E8E004D569A /* XCRemoteSwiftPackageReference "firebase-ios-sdk" */;
			productName = FirebaseFirestoreSwift;
		};
		7F5724542A058E8E004D569A /* FirebaseFunctions */ = {
			isa = XCSwiftPackageProductDependency;
			package = 7F5724352A058E8E004D569A /* XCRemoteSwiftPackageReference "firebase-ios-sdk" */;
			productName = FirebaseFunctions;
		};
		7F5724562A058E8E004D569A /* FirebaseFunctionsCombine-Community */ = {
			isa = XCSwiftPackageProductDependency;
			package = 7F5724352A058E8E004D569A /* XCRemoteSwiftPackageReference "firebase-ios-sdk" */;
			productName = "FirebaseFunctionsCombine-Community";
		};
		7F5724582A058E8E004D569A /* FirebaseInAppMessaging-Beta */ = {
			isa = XCSwiftPackageProductDependency;
			package = 7F5724352A058E8E004D569A /* XCRemoteSwiftPackageReference "firebase-ios-sdk" */;
			productName = "FirebaseInAppMessaging-Beta";
		};
		7F57245A2A058E8E004D569A /* FirebaseInAppMessagingSwift-Beta */ = {
			isa = XCSwiftPackageProductDependency;
			package = 7F5724352A058E8E004D569A /* XCRemoteSwiftPackageReference "firebase-ios-sdk" */;
			productName = "FirebaseInAppMessagingSwift-Beta";
		};
		7F57245C2A058E8E004D569A /* FirebaseInstallations */ = {
			isa = XCSwiftPackageProductDependency;
			package = 7F5724352A058E8E004D569A /* XCRemoteSwiftPackageReference "firebase-ios-sdk" */;
			productName = FirebaseInstallations;
		};
		7F57245E2A058E8E004D569A /* FirebaseMLModelDownloader */ = {
			isa = XCSwiftPackageProductDependency;
			package = 7F5724352A058E8E004D569A /* XCRemoteSwiftPackageReference "firebase-ios-sdk" */;
			productName = FirebaseMLModelDownloader;
		};
		7F5724602A058E8E004D569A /* FirebaseMessaging */ = {
			isa = XCSwiftPackageProductDependency;
			package = 7F5724352A058E8E004D569A /* XCRemoteSwiftPackageReference "firebase-ios-sdk" */;
			productName = FirebaseMessaging;
		};
		7F5724622A058E8E004D569A /* FirebasePerformance */ = {
			isa = XCSwiftPackageProductDependency;
			package = 7F5724352A058E8E004D569A /* XCRemoteSwiftPackageReference "firebase-ios-sdk" */;
			productName = FirebasePerformance;
		};
		7F5724642A058E8E004D569A /* FirebaseRemoteConfig */ = {
			isa = XCSwiftPackageProductDependency;
			package = 7F5724352A058E8E004D569A /* XCRemoteSwiftPackageReference "firebase-ios-sdk" */;
			productName = FirebaseRemoteConfig;
		};
		7F5724662A058E8E004D569A /* FirebaseRemoteConfigSwift */ = {
			isa = XCSwiftPackageProductDependency;
			package = 7F5724352A058E8E004D569A /* XCRemoteSwiftPackageReference "firebase-ios-sdk" */;
			productName = FirebaseRemoteConfigSwift;
		};
		7F5724682A058E8E004D569A /* FirebaseStorage */ = {
			isa = XCSwiftPackageProductDependency;
			package = 7F5724352A058E8E004D569A /* XCRemoteSwiftPackageReference "firebase-ios-sdk" */;
			productName = FirebaseStorage;
		};
		7F57246A2A058E8E004D569A /* FirebaseStorageCombine-Community */ = {
			isa = XCSwiftPackageProductDependency;
			package = 7F5724352A058E8E004D569A /* XCRemoteSwiftPackageReference "firebase-ios-sdk" */;
			productName = "FirebaseStorageCombine-Community";
		};
/* End XCSwiftPackageProductDependency section */
	};
	rootObject = 7F4B4EFE2A02DF9700DDC144 /* Project object */;
}
